
Microsoft Visual Studio Solution File, Format Version 12.00
# Visual Studio Version 17
VisualStudioVersion = 17.5.33530.505
MinimumVisualStudioVersion = 10.0.40219.1
Project("{9A19103F-16F7-4668-BE54-9A1E7A4F7556}") = "MockILoggerWithMoq", "MockILoggerWithMoq\MockILoggerWithMoq.csproj", "{823E4B7E-7C06-47BC-B4B2-414B9939A4DA}"
EndProject
Project("{9A19103F-16F7-4668-BE54-9A1E7A4F7556}") = "MockILoggerWithMoq.Tests", "MockILoggerWithMoq.Tests\MockILoggerWithMoq.Tests.csproj", "{8C541174-DFBF-48D3-97DD-15C8648E0FDE}"
EndProject
Global
	GlobalSection(SolutionConfigurationPlatforms) = preSolution
		Debug|Any CPU = Debug|Any CPU
		Release|Any CPU = Release|Any CPU
	EndGlobalSection
	GlobalSection(ProjectConfigurationPlatforms) = postSolution
		{823E4B7E-7C06-47BC-B4B2-414B9939A4DA}.Debug|Any CPU.ActiveCfg = Debug|Any CPU
		{823E4B7E-7C06-47BC-B4B2-414B9939A4DA}.Debug|Any CPU.Build.0 = Debug|Any CPU
		{823E4B7E-7C06-47BC-B4B2-414B9939A4DA}.Release|Any CPU.ActiveCfg = Release|Any CPU
		{823E4B7E-7C06-47BC-B4B2-414B9939A4DA}.Release|Any CPU.Build.0 = Release|Any CPU
		{8C541174-DFBF-48D3-97DD-15C8648E0FDE}.Debug|Any CPU.ActiveCfg = Debug|Any CPU
		{8C541174-DFBF-48D3-97DD-15C8648E0FDE}.Debug|Any CPU.Build.0 = Debug|Any CPU
		{8C541174-DFBF-48D3-97DD-15C8648E0FDE}.Release|Any CPU.ActiveCfg = Release|Any CPU
		{8C541174-DFBF-48D3-97DD-15C8648E0FDE}.Release|Any CPU.Build.0 = Release|Any CPU
	EndGlobalSection
	GlobalSection(SolutionProperties) = preSolution
		HideSolutionNode = FALSE
	EndGlobalSection
	GlobalSection(ExtensibilityGlobals) = postSolution
		SolutionGuid = {378C9EEB-E835-4490-8F84-3FF2FD24722D}
	EndGlobalSection
EndGlobal
